
Microsoft Visual Studio Solution File, Format Version 12.00
# Visual Studio Version 16
VisualStudioVersion = 16.0.29424.173
MinimumVisualStudioVersion = 10.0.40219.1
Project("{FAE04EC0-301F-11D3-BF4B-00C04F79EFBC}") = "Lab4-CMPE1300-Lab4", "Lab4-CMPE1300-Lab4\Lab4-CMPE1300-Lab4.csproj", "{03D451D4-3BC9-4EA9-B635-C37BB9597731}"
EndProject
Global
	GlobalSection(SolutionConfigurationPlatforms) = preSolution
		Debug|Any CPU = Debug|Any CPU
		Release|Any CPU = Release|Any CPU
	EndGlobalSection
	GlobalSection(ProjectConfigurationPlatforms) = postSolution
		{03D451D4-3BC9-4EA9-B635-C37BB9597731}.Debug|Any CPU.ActiveCfg = Debug|Any CPU
		{03D451D4-3BC9-4EA9-B635-C37BB9597731}.Debug|Any CPU.Build.0 = Debug|Any CPU
		{03D451D4-3BC9-4EA9-B635-C37BB9597731}.Release|Any CPU.ActiveCfg = Release|Any CPU
		{03D451D4-3BC9-4EA9-B635-C37BB9597731}.Release|Any CPU.Build.0 = Release|Any CPU
	EndGlobalSection
	GlobalSection(SolutionProperties) = preSolution
		HideSolutionNode = FALSE
	EndGlobalSection
	GlobalSection(ExtensibilityGlobals) = postSolution
		SolutionGuid = {4FD0C6A3-15F1-4266-8335-03D79101A33B}
	EndGlobalSection
EndGlobal
