
Microsoft Visual Studio Solution File, Format Version 12.00
# Visual Studio Version 16
VisualStudioVersion = 16.0.29424.173
MinimumVisualStudioVersion = 10.0.40219.1
Project("{FAE04EC0-301F-11D3-BF4B-00C04F79EFBC}") = "CMPE1300Lab3-2019", "CMPE1300Lab3-2019\CMPE1300Lab3-2019.csproj", "{B3DDB38F-8EDD-4E35-AB1C-29CFC9760264}"
EndProject
Global
	GlobalSection(SolutionConfigurationPlatforms) = preSolution
		Debug|Any CPU = Debug|Any CPU
		Release|Any CPU = Release|Any CPU
	EndGlobalSection
	GlobalSection(ProjectConfigurationPlatforms) = postSolution
		{B3DDB38F-8EDD-4E35-AB1C-29CFC9760264}.Debug|Any CPU.ActiveCfg = Debug|Any CPU
		{B3DDB38F-8EDD-4E35-AB1C-29CFC9760264}.Debug|Any CPU.Build.0 = Debug|Any CPU
		{B3DDB38F-8EDD-4E35-AB1C-29CFC9760264}.Release|Any CPU.ActiveCfg = Release|Any CPU
		{B3DDB38F-8EDD-4E35-AB1C-29CFC9760264}.Release|Any CPU.Build.0 = Release|Any CPU
	EndGlobalSection
	GlobalSection(SolutionProperties) = preSolution
		HideSolutionNode = FALSE
	EndGlobalSection
	GlobalSection(ExtensibilityGlobals) = postSolution
		SolutionGuid = {DA980B29-0B21-4C7B-8C71-86EF3F139E6A}
	EndGlobalSection
EndGlobal
